Microsoft Visual Studio Solution File, Format Version 12.00
# Visual Studio 2012
Project("{FAE04EC0-301F-11D3-BF4B-00C04F79EFBC}") = "commend and builder", "commend and builder.csproj", "{824F54AD-002C-46F9-9F9B-32983B71BEA7}"
EndProject
Global
	GlobalSection(SolutionConfigurationPlatforms) = preSolution
	Debug|Any CPU = Debug|Any CPU
	ExportDebug|Any CPU = ExportDebug|Any CPU
	ExportRelease|Any CPU = ExportRelease|Any CPU
	EndGlobalSection
	GlobalSection(ProjectConfigurationPlatforms) = postSolution
		{824F54AD-002C-46F9-9F9B-32983B71BEA7}.Debug|Any CPU.ActiveCfg = Debug|Any CPU
		{824F54AD-002C-46F9-9F9B-32983B71BEA7}.Debug|Any CPU.Build.0 = Debug|Any CPU
		{824F54AD-002C-46F9-9F9B-32983B71BEA7}.ExportDebug|Any CPU.ActiveCfg = ExportDebug|Any CPU
		{824F54AD-002C-46F9-9F9B-32983B71BEA7}.ExportDebug|Any CPU.Build.0 = ExportDebug|Any CPU
		{824F54AD-002C-46F9-9F9B-32983B71BEA7}.ExportRelease|Any CPU.ActiveCfg = ExportRelease|Any CPU
		{824F54AD-002C-46F9-9F9B-32983B71BEA7}.ExportRelease|Any CPU.Build.0 = ExportRelease|Any CPU
	EndGlobalSection
EndGlobal
